// !$*UTF8*$!
{
	archiveVersion = 1;
	classes = {
	};
	objectVersion = 56;
	objects = {

/* Begin PBXBuildFile section */
		BB3492C52B06F4B200FC7A71 /* HTTPClient.swift in Sources */ = {isa = PBXBuildFile; fileRef = BB3492C42B06F4B200FC7A71 /* HTTPClient.swift */; };
		BB3492C72B06F5C900FC7A71 /* FeedItemsMapper.swift in Sources */ = {isa = PBXBuildFile; fileRef = BB3492C62B06F5C900FC7A71 /* FeedItemsMapper.swift */; };
		BB4579472B5EC4A800BD3CA5 /* URLSessionHTTPClientTests.swift in Sources */ = {isa = PBXBuildFile; fileRef = BB4579462B5EC4A800BD3CA5 /* URLSessionHTTPClientTests.swift */; };
		BB5AD1142B6FBD180099BF21 /* SKEssentialFeedAPIEndToEndTests.swift in Sources */ = {isa = PBXBuildFile; fileRef = BB5AD1132B6FBD180099BF21 /* SKEssentialFeedAPIEndToEndTests.swift */; };
		BB5AD1152B6FBD180099BF21 /* SKEssentialFeed.framework in Frameworks */ = {isa = PBXBuildFile; fileRef = BBF3257F2AE6310B00E38E30 /* SKEssentialFeed.framework */; };
		BB5AD11B2B6FC5190099BF21 /* XCTestCase+MemoryLeakTracking.swift in Sources */ = {isa = PBXBuildFile; fileRef = BB617C5A2B6D195300B62508 /* XCTestCase+MemoryLeakTracking.swift */; };
		BB5D866F2BFE3A9B002D42F0 /* RemoteFeedItem.swift in Sources */ = {isa = PBXBuildFile; fileRef = BB5D866E2BFE3A9B002D42F0 /* RemoteFeedItem.swift */; };
		BB5D86712BFE3AE1002D42F0 /* LocalFeedImage.swift in Sources */ = {isa = PBXBuildFile; fileRef = BB5D86702BFE3AE1002D42F0 /* LocalFeedImage.swift */; };
		BB5D86732BFECA95002D42F0 /* LoadFeedFromCacheUseCaseTests.swift in Sources */ = {isa = PBXBuildFile; fileRef = BB5D86722BFECA95002D42F0 /* LoadFeedFromCacheUseCaseTests.swift */; };
		BB5D86752BFECBC8002D42F0 /* FeedStoreSpy.swift in Sources */ = {isa = PBXBuildFile; fileRef = BB5D86742BFECBC8002D42F0 /* FeedStoreSpy.swift */; };
		BB5D86772C001F33002D42F0 /* ValidateFeedCacheUseCaseTests.swift in Sources */ = {isa = PBXBuildFile; fileRef = BB5D86762C001F33002D42F0 /* ValidateFeedCacheUseCaseTests.swift */; };
		BB5D867A2C00236A002D42F0 /* FeedCacheTestHelpers.swift in Sources */ = {isa = PBXBuildFile; fileRef = BB5D86792C00236A002D42F0 /* FeedCacheTestHelpers.swift */; };
		BB5D867C2C0023B3002D42F0 /* SharedTestHelpers.swift in Sources */ = {isa = PBXBuildFile; fileRef = BB5D867B2C0023B3002D42F0 /* SharedTestHelpers.swift */; };
		BB617C5B2B6D195300B62508 /* XCTestCase+MemoryLeakTracking.swift in Sources */ = {isa = PBXBuildFile; fileRef = BB617C5A2B6D195300B62508 /* XCTestCase+MemoryLeakTracking.swift */; };
		BB617C5D2B6FB2EF00B62508 /* URLSessionHTTPClient.swift in Sources */ = {isa = PBXBuildFile; fileRef = BB617C5C2B6FB2EF00B62508 /* URLSessionHTTPClient.swift */; };
		BBB1469E2C0778D000A949F2 /* FeedStoreSpecs.swift in Sources */ = {isa = PBXBuildFile; fileRef = BBB1469D2C0778D000A949F2 /* FeedStoreSpecs.swift */; };
		BBB146A02C08C2AA00A949F2 /* XCTestCase+FeedStoreSpecs.swift in Sources */ = {isa = PBXBuildFile; fileRef = BBB1469F2C08C2AA00A949F2 /* XCTestCase+FeedStoreSpecs.swift */; };
		BBB146A22C08C8E700A949F2 /* XCTestCase+FailableRetrieveFeedStoreSpecs.swift in Sources */ = {isa = PBXBuildFile; fileRef = BBB146A12C08C8E700A949F2 /* XCTestCase+FailableRetrieveFeedStoreSpecs.swift */; };
		BBB146A42C08CA5900A949F2 /* XCTestCase+FailableInsertFeedStoreSpecs.swift in Sources */ = {isa = PBXBuildFile; fileRef = BBB146A32C08CA5900A949F2 /* XCTestCase+FailableInsertFeedStoreSpecs.swift */; };
		BBB146A62C08CC7C00A949F2 /* XCTestCase+FailableDeleteFeedStoreSpecs.swift in Sources */ = {isa = PBXBuildFile; fileRef = BBB146A52C08CC7C00A949F2 /* XCTestCase+FailableDeleteFeedStoreSpecs.swift */; };
		BBB146A92C095CD200A949F2 /* CoreDataFeedStoreTests.swift in Sources */ = {isa = PBXBuildFile; fileRef = BBB146A82C095CD200A949F2 /* CoreDataFeedStoreTests.swift */; };
		BBB146B02C096B9700A949F2 /* CoreDataFeedStore.swift in Sources */ = {isa = PBXBuildFile; fileRef = BBB146AF2C096B9700A949F2 /* CoreDataFeedStore.swift */; };
		BBB146B82C10A88900A949F2 /* FeedStore.xcdatamodeld in Sources */ = {isa = PBXBuildFile; fileRef = BBB146B62C10A88900A949F2 /* FeedStore.xcdatamodeld */; };
		BBB146BD2C10B65D00A949F2 /* CoreDataHelpers.swift in Sources */ = {isa = PBXBuildFile; fileRef = BBB146BC2C10B65D00A949F2 /* CoreDataHelpers.swift */; };
		BBB146BF2C10B6CD00A949F2 /* ManagedCache.swift in Sources */ = {isa = PBXBuildFile; fileRef = BBB146BE2C10B6CD00A949F2 /* ManagedCache.swift */; };
		BBB146C12C10B70E00A949F2 /* ManagedFeedImage.swift in Sources */ = {isa = PBXBuildFile; fileRef = BBB146C02C10B70E00A949F2 /* ManagedFeedImage.swift */; };
		BBB146C92C114ED900A949F2 /* SKEssentialFeedCacheIntegrationTests.swift in Sources */ = {isa = PBXBuildFile; fileRef = BBB146C82C114ED900A949F2 /* SKEssentialFeedCacheIntegrationTests.swift */; };
		BBB146CA2C114ED900A949F2 /* SKEssentialFeed.framework in Frameworks */ = {isa = PBXBuildFile; fileRef = BBF3257F2AE6310B00E38E30 /* SKEssentialFeed.framework */; };
		BBB146D02C114FB700A949F2 /* XCTestCase+MemoryLeakTracking.swift in Sources */ = {isa = PBXBuildFile; fileRef = BB617C5A2B6D195300B62508 /* XCTestCase+MemoryLeakTracking.swift */; };
		BBB146D12C1151E100A949F2 /* FeedCacheTestHelpers.swift in Sources */ = {isa = PBXBuildFile; fileRef = BB5D86792C00236A002D42F0 /* FeedCacheTestHelpers.swift */; };
		BBB146D22C1151FB00A949F2 /* SharedTestHelpers.swift in Sources */ = {isa = PBXBuildFile; fileRef = BB5D867B2C0023B3002D42F0 /* SharedTestHelpers.swift */; };
		BBE08E092AF124B800E79E8F /* RemoteFeedLoader.swift in Sources */ = {isa = PBXBuildFile; fileRef = BBE08E082AF124B800E79E8F /* RemoteFeedLoader.swift */; };
		BBF02FB62BF7A49600B15E09 /* LocalFeedLoader.swift in Sources */ = {isa = PBXBuildFile; fileRef = BBF02FB52BF7A49600B15E09 /* LocalFeedLoader.swift */; };
		BBF02FB82BF7A50A00B15E09 /* FeedStore.swift in Sources */ = {isa = PBXBuildFile; fileRef = BBF02FB72BF7A50A00B15E09 /* FeedStore.swift */; };
		BBF325842AE6310B00E38E30 /* SKEssentialFeed.docc in Sources */ = {isa = PBXBuildFile; fileRef = BBF325832AE6310B00E38E30 /* SKEssentialFeed.docc */; };
		BBF3258A2AE6310B00E38E30 /* SKEssentialFeed.framework in Frameworks */ = {isa = PBXBuildFile; fileRef = BBF3257F2AE6310B00E38E30 /* SKEssentialFeed.framework */; };
		BBF325902AE6310B00E38E30 /* SKEssentialFeed.h in Headers */ = {isa = PBXBuildFile; fileRef = BBF325822AE6310B00E38E30 /* SKEssentialFeed.h */; settings = {ATTRIBUTES = (Public, ); }; };
		BBF3259A2AE6339E00E38E30 /* FeedImage.swift in Sources */ = {isa = PBXBuildFile; fileRef = BBF325992AE6339E00E38E30 /* FeedImage.swift */; };
		BBF3259C2AE6342D00E38E30 /* FeedLoader.swift in Sources */ = {isa = PBXBuildFile; fileRef = BBF3259B2AE6342D00E38E30 /* FeedLoader.swift */; };
		BBF3259F2AEC1C2200E38E30 /* LoadFeedFromRemoteUseCaseTests.swift in Sources */ = {isa = PBXBuildFile; fileRef = BBF3259E2AEC1C2200E38E30 /* LoadFeedFromRemoteUseCaseTests.swift */; };
		BBFEE74D2BF6584A00DB3AB2 /* CacheFeedUseCaseTests.swift in Sources */ = {isa = PBXBuildFile; fileRef = BBFEE74C2BF6584A00DB3AB2 /* CacheFeedUseCaseTests.swift */; };
/* End PBXBuildFile section */

/* Begin PBXContainerItemProxy section */
		BB5AD1162B6FBD180099BF21 /* PBXContainerItemProxy */ = {
			isa = PBXContainerItemProxy;
			containerPortal = BBF325762AE6310B00E38E30 /* Project object */;
			proxyType = 1;
			remoteGlobalIDString = BBF3257E2AE6310B00E38E30;
			remoteInfo = SKEssentialFeed;
		};
		BBB146CB2C114ED900A949F2 /* PBXContainerItemProxy */ = {
			isa = PBXContainerItemProxy;
			containerPortal = BBF325762AE6310B00E38E30 /* Project object */;
			proxyType = 1;
			remoteGlobalIDString = BBF3257E2AE6310B00E38E30;
			remoteInfo = SKEssentialFeed;
		};
		BBF3258B2AE6310B00E38E30 /* PBXContainerItemProxy */ = {
			isa = PBXContainerItemProxy;
			containerPortal = BBF325762AE6310B00E38E30 /* Project object */;
			proxyType = 1;
			remoteGlobalIDString = BBF3257E2AE6310B00E38E30;
			remoteInfo = SKEssentialFeed;
		};
/* End PBXContainerItemProxy section */

/* Begin PBXFileReference section */
		BB3492C42B06F4B200FC7A71 /* HTTPClient.swift */ = {isa = PBXFileReference; lastKnownFileType = sourcecode.swift; path = HTTPClient.swift; sourceTree = "<group>"; };
		BB3492C62B06F5C900FC7A71 /* FeedItemsMapper.swift */ = {isa = PBXFileReference; lastKnownFileType = sourcecode.swift; path = FeedItemsMapper.swift; sourceTree = "<group>"; };
		BB4579462B5EC4A800BD3CA5 /* URLSessionHTTPClientTests.swift */ = {isa = PBXFileReference; lastKnownFileType = sourcecode.swift; path = URLSessionHTTPClientTests.swift; sourceTree = "<group>"; };
		BB5AD10C2B6FBC750099BF21 /* SKEssentialFeedTest.xctestplan */ = {isa = PBXFileReference; lastKnownFileType = text; name = SKEssentialFeedTest.xctestplan; path = SKEssentialFeedTests/SKEssentialFeedTest.xctestplan; sourceTree = "<group>"; };
		BB5AD1112B6FBD180099BF21 /* SKEssentialFeedAPIEndToEndTests.xctest */ = {isa = PBXFileReference; explicitFileType = wrapper.cfbundle; includeInIndex = 0; path = SKEssentialFeedAPIEndToEndTests.xctest; sourceTree = BUILT_PRODUCTS_DIR; };
		BB5AD1132B6FBD180099BF21 /* SKEssentialFeedAPIEndToEndTests.swift */ = {isa = PBXFileReference; lastKnownFileType = sourcecode.swift; path = SKEssentialFeedAPIEndToEndTests.swift; sourceTree = "<group>"; };
		BB5AD11C2B6FC9BE0099BF21 /* CI.xctestplan */ = {isa = PBXFileReference; lastKnownFileType = text; path = CI.xctestplan; sourceTree = "<group>"; };
		BB5D866E2BFE3A9B002D42F0 /* RemoteFeedItem.swift */ = {isa = PBXFileReference; lastKnownFileType = sourcecode.swift; path = RemoteFeedItem.swift; sourceTree = "<group>"; };
		BB5D86702BFE3AE1002D42F0 /* LocalFeedImage.swift */ = {isa = PBXFileReference; lastKnownFileType = sourcecode.swift; path = LocalFeedImage.swift; sourceTree = "<group>"; };
		BB5D86722BFECA95002D42F0 /* LoadFeedFromCacheUseCaseTests.swift */ = {isa = PBXFileReference; lastKnownFileType = sourcecode.swift; path = LoadFeedFromCacheUseCaseTests.swift; sourceTree = "<group>"; };
		BB5D86742BFECBC8002D42F0 /* FeedStoreSpy.swift */ = {isa = PBXFileReference; lastKnownFileType = sourcecode.swift; path = FeedStoreSpy.swift; sourceTree = "<group>"; };
		BB5D86762C001F33002D42F0 /* ValidateFeedCacheUseCaseTests.swift */ = {isa = PBXFileReference; lastKnownFileType = sourcecode.swift; path = ValidateFeedCacheUseCaseTests.swift; sourceTree = "<group>"; };
		BB5D86792C00236A002D42F0 /* FeedCacheTestHelpers.swift */ = {isa = PBXFileReference; lastKnownFileType = sourcecode.swift; path = FeedCacheTestHelpers.swift; sourceTree = "<group>"; };
		BB5D867B2C0023B3002D42F0 /* SharedTestHelpers.swift */ = {isa = PBXFileReference; lastKnownFileType = sourcecode.swift; path = SharedTestHelpers.swift; sourceTree = "<group>"; };
		BB617C5A2B6D195300B62508 /* XCTestCase+MemoryLeakTracking.swift */ = {isa = PBXFileReference; lastKnownFileType = sourcecode.swift; path = "XCTestCase+MemoryLeakTracking.swift"; sourceTree = "<group>"; };
		BB617C5C2B6FB2EF00B62508 /* URLSessionHTTPClient.swift */ = {isa = PBXFileReference; lastKnownFileType = sourcecode.swift; path = URLSessionHTTPClient.swift; sourceTree = "<group>"; };
		BB95F0942C3EC76500B57969 /* SKEssentialFeedAPIEndToEndTests.xctestplan */ = {isa = PBXFileReference; lastKnownFileType = text; path = SKEssentialFeedAPIEndToEndTests.xctestplan; sourceTree = "<group>"; };
		BBB1469D2C0778D000A949F2 /* FeedStoreSpecs.swift */ = {isa = PBXFileReference; lastKnownFileType = sourcecode.swift; path = FeedStoreSpecs.swift; sourceTree = "<group>"; };
		BBB1469F2C08C2AA00A949F2 /* XCTestCase+FeedStoreSpecs.swift */ = {isa = PBXFileReference; lastKnownFileType = sourcecode.swift; path = "XCTestCase+FeedStoreSpecs.swift"; sourceTree = "<group>"; };
		BBB146A12C08C8E700A949F2 /* XCTestCase+FailableRetrieveFeedStoreSpecs.swift */ = {isa = PBXFileReference; lastKnownFileType = sourcecode.swift; path = "XCTestCase+FailableRetrieveFeedStoreSpecs.swift"; sourceTree = "<group>"; };
		BBB146A32C08CA5900A949F2 /* XCTestCase+FailableInsertFeedStoreSpecs.swift */ = {isa = PBXFileReference; lastKnownFileType = sourcecode.swift; path = "XCTestCase+FailableInsertFeedStoreSpecs.swift"; sourceTree = "<group>"; };
		BBB146A52C08CC7C00A949F2 /* XCTestCase+FailableDeleteFeedStoreSpecs.swift */ = {isa = PBXFileReference; lastKnownFileType = sourcecode.swift; path = "XCTestCase+FailableDeleteFeedStoreSpecs.swift"; sourceTree = "<group>"; };
		BBB146A82C095CD200A949F2 /* CoreDataFeedStoreTests.swift */ = {isa = PBXFileReference; lastKnownFileType = sourcecode.swift; path = CoreDataFeedStoreTests.swift; sourceTree = "<group>"; };
		BBB146AF2C096B9700A949F2 /* CoreDataFeedStore.swift */ = {isa = PBXFileReference; lastKnownFileType = sourcecode.swift; path = CoreDataFeedStore.swift; sourceTree = "<group>"; };
		BBB146B72C10A88900A949F2 /* FeedStore.xcdatamodel */ = {isa = PBXFileReference; lastKnownFileType = wrapper.xcdatamodel; path = FeedStore.xcdatamodel; sourceTree = "<group>"; };
		BBB146BC2C10B65D00A949F2 /* CoreDataHelpers.swift */ = {isa = PBXFileReference; lastKnownFileType = sourcecode.swift; path = CoreDataHelpers.swift; sourceTree = "<group>"; };
		BBB146BE2C10B6CD00A949F2 /* ManagedCache.swift */ = {isa = PBXFileReference; lastKnownFileType = sourcecode.swift; path = ManagedCache.swift; sourceTree = "<group>"; };
		BBB146C02C10B70E00A949F2 /* ManagedFeedImage.swift */ = {isa = PBXFileReference; lastKnownFileType = sourcecode.swift; path = ManagedFeedImage.swift; sourceTree = "<group>"; };
		BBB146C62C114ED900A949F2 /* SKEssentialFeedCacheIntegrationTests.xctest */ = {isa = PBXFileReference; explicitFileType = wrapper.cfbundle; includeInIndex = 0; path = SKEssentialFeedCacheIntegrationTests.xctest; sourceTree = BUILT_PRODUCTS_DIR; };
		BBB146C82C114ED900A949F2 /* SKEssentialFeedCacheIntegrationTests.swift */ = {isa = PBXFileReference; lastKnownFileType = sourcecode.swift; path = SKEssentialFeedCacheIntegrationTests.swift; sourceTree = "<group>"; };
		BBB146D32C11572C00A949F2 /* SKEssentialFeedCacheIntegrationTests.xctestplan */ = {isa = PBXFileReference; lastKnownFileType = text; path = SKEssentialFeedCacheIntegrationTests.xctestplan; sourceTree = "<group>"; };
		BBE08E082AF124B800E79E8F /* RemoteFeedLoader.swift */ = {isa = PBXFileReference; lastKnownFileType = sourcecode.swift; path = RemoteFeedLoader.swift; sourceTree = "<group>"; };
		BBF02FB52BF7A49600B15E09 /* LocalFeedLoader.swift */ = {isa = PBXFileReference; lastKnownFileType = sourcecode.swift; path = LocalFeedLoader.swift; sourceTree = "<group>"; };
		BBF02FB72BF7A50A00B15E09 /* FeedStore.swift */ = {isa = PBXFileReference; lastKnownFileType = sourcecode.swift; path = FeedStore.swift; sourceTree = "<group>"; };
		BBF3257F2AE6310B00E38E30 /* SKEssentialFeed.framework */ = {isa = PBXFileReference; explicitFileType = wrapper.framework; includeInIndex = 0; path = SKEssentialFeed.framework; sourceTree = BUILT_PRODUCTS_DIR; };
		BBF325822AE6310B00E38E30 /* SKEssentialFeed.h */ = {isa = PBXFileReference; lastKnownFileType = sourcecode.c.h; path = SKEssentialFeed.h; sourceTree = "<group>"; };
		BBF325832AE6310B00E38E30 /* SKEssentialFeed.docc */ = {isa = PBXFileReference; lastKnownFileType = folder.documentationcatalog; path = SKEssentialFeed.docc; sourceTree = "<group>"; };
		BBF325892AE6310B00E38E30 /* SKEssentialFeedTests.xctest */ = {isa = PBXFileReference; explicitFileType = wrapper.cfbundle; includeInIndex = 0; path = SKEssentialFeedTests.xctest; sourceTree = BUILT_PRODUCTS_DIR; };
		BBF325992AE6339E00E38E30 /* FeedImage.swift */ = {isa = PBXFileReference; lastKnownFileType = sourcecode.swift; path = FeedImage.swift; sourceTree = "<group>"; };
		BBF3259B2AE6342D00E38E30 /* FeedLoader.swift */ = {isa = PBXFileReference; lastKnownFileType = sourcecode.swift; path = FeedLoader.swift; sourceTree = "<group>"; };
		BBF3259E2AEC1C2200E38E30 /* LoadFeedFromRemoteUseCaseTests.swift */ = {isa = PBXFileReference; lastKnownFileType = sourcecode.swift; path = LoadFeedFromRemoteUseCaseTests.swift; sourceTree = "<group>"; };
		BBFEE74C2BF6584A00DB3AB2 /* CacheFeedUseCaseTests.swift */ = {isa = PBXFileReference; lastKnownFileType = sourcecode.swift; path = CacheFeedUseCaseTests.swift; sourceTree = "<group>"; };
/* End PBXFileReference section */

/* Begin PBXFrameworksBuildPhase section */
		BB5AD10E2B6FBD180099BF21 /* Frameworks */ = {
			isa = PBXFrameworksBuildPhase;
			buildActionMask = 2147483647;
			files = (
				BB5AD1152B6FBD180099BF21 /* SKEssentialFeed.framework in Frameworks */,
			);
			runOnlyForDeploymentPostprocessing = 0;
		};
		BBB146C32C114ED900A949F2 /* Frameworks */ = {
			isa = PBXFrameworksBuildPhase;
			buildActionMask = 2147483647;
			files = (
				BBB146CA2C114ED900A949F2 /* SKEssentialFeed.framework in Frameworks */,
			);
			runOnlyForDeploymentPostprocessing = 0;
		};
		BBF3257C2AE6310B00E38E30 /* Frameworks */ = {
			isa = PBXFrameworksBuildPhase;
			buildActionMask = 2147483647;
			files = (
			);
			runOnlyForDeploymentPostprocessing = 0;
		};
		BBF325862AE6310B00E38E30 /* Frameworks */ = {
			isa = PBXFrameworksBuildPhase;
			buildActionMask = 2147483647;
			files = (
				BBF3258A2AE6310B00E38E30 /* SKEssentialFeed.framework in Frameworks */,
			);
			runOnlyForDeploymentPostprocessing = 0;
		};
/* End PBXFrameworksBuildPhase section */

/* Begin PBXGroup section */
		BB3492C82B06FE1600FC7A71 /* Feed API */ = {
			isa = PBXGroup;
			children = (
				BBF3259E2AEC1C2200E38E30 /* LoadFeedFromRemoteUseCaseTests.swift */,
				BB4579462B5EC4A800BD3CA5 /* URLSessionHTTPClientTests.swift */,
			);
			path = "Feed API";
			sourceTree = "<group>";
		};
		BB5AD1122B6FBD180099BF21 /* SKEssentialFeedAPIEndToEndTests */ = {
			isa = PBXGroup;
			children = (
				BB5AD1132B6FBD180099BF21 /* SKEssentialFeedAPIEndToEndTests.swift */,
			);
			path = SKEssentialFeedAPIEndToEndTests;
			sourceTree = "<group>";
		};
		BB5D86782C00235A002D42F0 /* Helpers */ = {
			isa = PBXGroup;
			children = (
				BB5D86792C00236A002D42F0 /* FeedCacheTestHelpers.swift */,
			);
			path = Helpers;
			sourceTree = "<group>";
		};
		BB617C592B6D193400B62508 /* Helpers */ = {
			isa = PBXGroup;
			children = (
				BB617C5A2B6D195300B62508 /* XCTestCase+MemoryLeakTracking.swift */,
				BB5D86742BFECBC8002D42F0 /* FeedStoreSpy.swift */,
				BB5D867B2C0023B3002D42F0 /* SharedTestHelpers.swift */,
			);
			path = Helpers;
			sourceTree = "<group>";
		};
		BBB146A72C08CDB800A949F2 /* FeedStoreSpecs */ = {
			isa = PBXGroup;
			children = (
				BBB1469D2C0778D000A949F2 /* FeedStoreSpecs.swift */,
				BBB1469F2C08C2AA00A949F2 /* XCTestCase+FeedStoreSpecs.swift */,
				BBB146A12C08C8E700A949F2 /* XCTestCase+FailableRetrieveFeedStoreSpecs.swift */,
				BBB146A32C08CA5900A949F2 /* XCTestCase+FailableInsertFeedStoreSpecs.swift */,
				BBB146A52C08CC7C00A949F2 /* XCTestCase+FailableDeleteFeedStoreSpecs.swift */,
			);
			path = FeedStoreSpecs;
			sourceTree = "<group>";
		};
		BBB146B92C10B58800A949F2 /* Infrastructure */ = {
			isa = PBXGroup;
			children = (
				BBB146BA2C10B5D300A949F2 /* CoreData */,
			);
			path = Infrastructure;
			sourceTree = "<group>";
		};
		BBB146BA2C10B5D300A949F2 /* CoreData */ = {
			isa = PBXGroup;
			children = (
				BBB146B62C10A88900A949F2 /* FeedStore.xcdatamodeld */,
				BBB146AF2C096B9700A949F2 /* CoreDataFeedStore.swift */,
				BBB146BC2C10B65D00A949F2 /* CoreDataHelpers.swift */,
				BBB146BE2C10B6CD00A949F2 /* ManagedCache.swift */,
				BBB146C02C10B70E00A949F2 /* ManagedFeedImage.swift */,
			);
			path = CoreData;
			sourceTree = "<group>";
		};
		BBB146C72C114ED900A949F2 /* SKEssentialFeedCacheIntegrationTests */ = {
			isa = PBXGroup;
			children = (
				BBB146C82C114ED900A949F2 /* SKEssentialFeedCacheIntegrationTests.swift */,
			);
			path = SKEssentialFeedCacheIntegrationTests;
			sourceTree = "<group>";
		};
		BBE08E072AF1248700E79E8F /* Feed API */ = {
			isa = PBXGroup;
			children = (
				BBE08E082AF124B800E79E8F /* RemoteFeedLoader.swift */,
				BB3492C42B06F4B200FC7A71 /* HTTPClient.swift */,
				BB3492C62B06F5C900FC7A71 /* FeedItemsMapper.swift */,
				BB5D866E2BFE3A9B002D42F0 /* RemoteFeedItem.swift */,
				BB617C5C2B6FB2EF00B62508 /* URLSessionHTTPClient.swift */,
			);
			path = "Feed API";
			sourceTree = "<group>";
		};
		BBF02FB42BF7A48100B15E09 /* FeedCache */ = {
			isa = PBXGroup;
			children = (
				BBB146B92C10B58800A949F2 /* Infrastructure */,
				BBF02FB52BF7A49600B15E09 /* LocalFeedLoader.swift */,
				BBF02FB72BF7A50A00B15E09 /* FeedStore.swift */,
				BB5D86702BFE3AE1002D42F0 /* LocalFeedImage.swift */,
			);
			path = FeedCache;
			sourceTree = "<group>";
		};
		BBF325752AE6310B00E38E30 = {
			isa = PBXGroup;
			children = (
				BB95F0942C3EC76500B57969 /* SKEssentialFeedAPIEndToEndTests.xctestplan */,
				BBB146D32C11572C00A949F2 /* SKEssentialFeedCacheIntegrationTests.xctestplan */,
				BB5AD11C2B6FC9BE0099BF21 /* CI.xctestplan */,
				BB5AD10C2B6FBC750099BF21 /* SKEssentialFeedTest.xctestplan */,
				BBF02FB42BF7A48100B15E09 /* FeedCache */,
				BBF3259D2AE634D100E38E30 /* Feed Feature */,
				BBE08E072AF1248700E79E8F /* Feed API */,
				BBF325812AE6310B00E38E30 /* SKEssentialFeed */,
				BBF3258D2AE6310B00E38E30 /* SKEssentialFeedTests */,
				BB5AD1122B6FBD180099BF21 /* SKEssentialFeedAPIEndToEndTests */,
				BBB146C72C114ED900A949F2 /* SKEssentialFeedCacheIntegrationTests */,
				BBF325802AE6310B00E38E30 /* Products */,
			);
			sourceTree = "<group>";
		};
		BBF325802AE6310B00E38E30 /* Products */ = {
			isa = PBXGroup;
			children = (
				BBF3257F2AE6310B00E38E30 /* SKEssentialFeed.framework */,
				BBF325892AE6310B00E38E30 /* SKEssentialFeedTests.xctest */,
				BB5AD1112B6FBD180099BF21 /* SKEssentialFeedAPIEndToEndTests.xctest */,
				BBB146C62C114ED900A949F2 /* SKEssentialFeedCacheIntegrationTests.xctest */,
			);
			name = Products;
			sourceTree = "<group>";
		};
		BBF325812AE6310B00E38E30 /* SKEssentialFeed */ = {
			isa = PBXGroup;
			children = (
				BBF325822AE6310B00E38E30 /* SKEssentialFeed.h */,
				BBF325832AE6310B00E38E30 /* SKEssentialFeed.docc */,
			);
			path = SKEssentialFeed;
			sourceTree = "<group>";
		};
		BBF3258D2AE6310B00E38E30 /* SKEssentialFeedTests */ = {
			isa = PBXGroup;
			children = (
				BB617C592B6D193400B62508 /* Helpers */,
				BBFEE74B2BF6582B00DB3AB2 /* Feed Cache */,
				BB3492C82B06FE1600FC7A71 /* Feed API */,
			);
			path = SKEssentialFeedTests;
			sourceTree = "<group>";
		};
		BBF3259D2AE634D100E38E30 /* Feed Feature */ = {
			isa = PBXGroup;
			children = (
				BBF3259B2AE6342D00E38E30 /* FeedLoader.swift */,
				BBF325992AE6339E00E38E30 /* FeedImage.swift */,
			);
			path = "Feed Feature";
			sourceTree = "<group>";
		};
		BBFEE74B2BF6582B00DB3AB2 /* Feed Cache */ = {
			isa = PBXGroup;
			children = (
				BB5D86782C00235A002D42F0 /* Helpers */,
				BBFEE74C2BF6584A00DB3AB2 /* CacheFeedUseCaseTests.swift */,
				BB5D86722BFECA95002D42F0 /* LoadFeedFromCacheUseCaseTests.swift */,
				BB5D86762C001F33002D42F0 /* ValidateFeedCacheUseCaseTests.swift */,
				BBB146A82C095CD200A949F2 /* CoreDataFeedStoreTests.swift */,
				BBB146A72C08CDB800A949F2 /* FeedStoreSpecs */,
			);
			path = "Feed Cache";
			sourceTree = "<group>";
		};
/* End PBXGroup section */

/* Begin PBXHeadersBuildPhase section */
		BBF3257A2AE6310B00E38E30 /* Headers */ = {
			isa = PBXHeadersBuildPhase;
			buildActionMask = 2147483647;
			files = (
				BBF325902AE6310B00E38E30 /* SKEssentialFeed.h in Headers */,
			);
			runOnlyForDeploymentPostprocessing = 0;
		};
/* End PBXHeadersBuildPhase section */

/* Begin PBXNativeTarget section */
		BB5AD1102B6FBD180099BF21 /* SKEssentialFeedAPIEndToEndTests */ = {
			isa = PBXNativeTarget;
			buildConfigurationList = BB5AD1182B6FBD180099BF21 /* Build configuration list for PBXNativeTarget "SKEssentialFeedAPIEndToEndTests" */;
			buildPhases = (
				BB5AD10D2B6FBD180099BF21 /* Sources */,
				BB5AD10E2B6FBD180099BF21 /* Frameworks */,
				BB5AD10F2B6FBD180099BF21 /* Resources */,
			);
			buildRules = (
			);
			dependencies = (
				BB5AD1172B6FBD180099BF21 /* PBXTargetDependency */,
			);
			name = SKEssentialFeedAPIEndToEndTests;
			productName = SKEssentialFeedAPIEndToEndTests;
			productReference = BB5AD1112B6FBD180099BF21 /* SKEssentialFeedAPIEndToEndTests.xctest */;
			productType = "com.apple.product-type.bundle.unit-test";
		};
		BBB146C52C114ED900A949F2 /* SKEssentialFeedCacheIntegrationTests */ = {
			isa = PBXNativeTarget;
			buildConfigurationList = BBB146CD2C114ED900A949F2 /* Build configuration list for PBXNativeTarget "SKEssentialFeedCacheIntegrationTests" */;
			buildPhases = (
				BBB146C22C114ED900A949F2 /* Sources */,
				BBB146C32C114ED900A949F2 /* Frameworks */,
				BBB146C42C114ED900A949F2 /* Resources */,
			);
			buildRules = (
			);
			dependencies = (
				BBB146CC2C114ED900A949F2 /* PBXTargetDependency */,
			);
			name = SKEssentialFeedCacheIntegrationTests;
			productName = SKEssentialFeedCacheIntegrationTests;
			productReference = BBB146C62C114ED900A949F2 /* SKEssentialFeedCacheIntegrationTests.xctest */;
			productType = "com.apple.product-type.bundle.unit-test";
		};
		BBF3257E2AE6310B00E38E30 /* SKEssentialFeed */ = {
			isa = PBXNativeTarget;
			buildConfigurationList = BBF325932AE6310B00E38E30 /* Build configuration list for PBXNativeTarget "SKEssentialFeed" */;
			buildPhases = (
				BBF3257A2AE6310B00E38E30 /* Headers */,
				BBF3257B2AE6310B00E38E30 /* Sources */,
				BBF3257C2AE6310B00E38E30 /* Frameworks */,
				BBF3257D2AE6310B00E38E30 /* Resources */,
			);
			buildRules = (
			);
			dependencies = (
			);
			name = SKEssentialFeed;
			productName = SKEssentialFeed;
			productReference = BBF3257F2AE6310B00E38E30 /* SKEssentialFeed.framework */;
			productType = "com.apple.product-type.framework";
		};
		BBF325882AE6310B00E38E30 /* SKEssentialFeedTests */ = {
			isa = PBXNativeTarget;
			buildConfigurationList = BBF325962AE6310B00E38E30 /* Build configuration list for PBXNativeTarget "SKEssentialFeedTests" */;
			buildPhases = (
				BBF325852AE6310B00E38E30 /* Sources */,
				BBF325862AE6310B00E38E30 /* Frameworks */,
				BBF325872AE6310B00E38E30 /* Resources */,
			);
			buildRules = (
			);
			dependencies = (
				BBF3258C2AE6310B00E38E30 /* PBXTargetDependency */,
			);
			name = SKEssentialFeedTests;
			productName = SKEssentialFeedTests;
			productReference = BBF325892AE6310B00E38E30 /* SKEssentialFeedTests.xctest */;
			productType = "com.apple.product-type.bundle.unit-test";
		};
/* End PBXNativeTarget section */

/* Begin PBXProject section */
		BBF325762AE6310B00E38E30 /* Project object */ = {
			isa = PBXProject;
			attributes = {
				BuildIndependentTargetsInParallel = 1;
				LastSwiftUpdateCheck = 1540;
				LastUpgradeCheck = 1520;
				TargetAttributes = {
					BB5AD1102B6FBD180099BF21 = {
						CreatedOnToolsVersion = 15.2;
					};
					BBB146C52C114ED900A949F2 = {
						CreatedOnToolsVersion = 15.4;
					};
					BBF3257E2AE6310B00E38E30 = {
						CreatedOnToolsVersion = 15.0.1;
					};
					BBF325882AE6310B00E38E30 = {
						CreatedOnToolsVersion = 15.0.1;
						LastSwiftMigration = 1500;
					};
				};
			};
			buildConfigurationList = BBF325792AE6310B00E38E30 /* Build configuration list for PBXProject "SKEssentialFeed" */;
			compatibilityVersion = "Xcode 14.0";
			developmentRegion = en;
			hasScannedForEncodings = 0;
			knownRegions = (
				en,
				Base,
			);
			mainGroup = BBF325752AE6310B00E38E30;
			productRefGroup = BBF325802AE6310B00E38E30 /* Products */;
			projectDirPath = "";
			projectRoot = "";
			targets = (
				BBF3257E2AE6310B00E38E30 /* SKEssentialFeed */,
				BBF325882AE6310B00E38E30 /* SKEssentialFeedTests */,
				BB5AD1102B6FBD180099BF21 /* SKEssentialFeedAPIEndToEndTests */,
				BBB146C52C114ED900A949F2 /* SKEssentialFeedCacheIntegrationTests */,
			);
		};
/* End PBXProject section */

/* Begin PBXResourcesBuildPhase section */
		BB5AD10F2B6FBD180099BF21 /* Resources */ = {
			isa = PBXResourcesBuildPhase;
			buildActionMask = 2147483647;
			files = (
			);
			runOnlyForDeploymentPostprocessing = 0;
		};
		BBB146C42C114ED900A949F2 /* Resources */ = {
			isa = PBXResourcesBuildPhase;
			buildActionMask = 2147483647;
			files = (
			);
			runOnlyForDeploymentPostprocessing = 0;
		};
		BBF3257D2AE6310B00E38E30 /* Resources */ = {
			isa = PBXResourcesBuildPhase;
			buildActionMask = 2147483647;
			files = (
			);
			runOnlyForDeploymentPostprocessing = 0;
		};
		BBF325872AE6310B00E38E30 /* Resources */ = {
			isa = PBXResourcesBuildPhase;
			buildActionMask = 2147483647;
			files = (
			);
			runOnlyForDeploymentPostprocessing = 0;
		};
/* End PBXResourcesBuildPhase section */

/* Begin PBXSourcesBuildPhase section */
		BB5AD10D2B6FBD180099BF21 /* Sources */ = {
			isa = PBXSourcesBuildPhase;
			buildActionMask = 2147483647;
			files = (
				BB5AD1142B6FBD180099BF21 /* SKEssentialFeedAPIEndToEndTests.swift in Sources */,
				BB5AD11B2B6FC5190099BF21 /* XCTestCase+MemoryLeakTracking.swift in Sources */,
			);
			runOnlyForDeploymentPostprocessing = 0;
		};
		BBB146C22C114ED900A949F2 /* Sources */ = {
			isa = PBXSourcesBuildPhase;
			buildActionMask = 2147483647;
			files = (
				BBB146D22C1151FB00A949F2 /* SharedTestHelpers.swift in Sources */,
				BBB146C92C114ED900A949F2 /* SKEssentialFeedCacheIntegrationTests.swift in Sources */,
				BBB146D12C1151E100A949F2 /* FeedCacheTestHelpers.swift in Sources */,
				BBB146D02C114FB700A949F2 /* XCTestCase+MemoryLeakTracking.swift in Sources */,
			);
			runOnlyForDeploymentPostprocessing = 0;
		};
		BBF3257B2AE6310B00E38E30 /* Sources */ = {
			isa = PBXSourcesBuildPhase;
			buildActionMask = 2147483647;
			files = (
				BBB146BD2C10B65D00A949F2 /* CoreDataHelpers.swift in Sources */,
				BB5D86712BFE3AE1002D42F0 /* LocalFeedImage.swift in Sources */,
				BBF02FB82BF7A50A00B15E09 /* FeedStore.swift in Sources */,
				BB617C5D2B6FB2EF00B62508 /* URLSessionHTTPClient.swift in Sources */,
				BBE08E092AF124B800E79E8F /* RemoteFeedLoader.swift in Sources */,
				BB3492C52B06F4B200FC7A71 /* HTTPClient.swift in Sources */,
				BBB146B82C10A88900A949F2 /* FeedStore.xcdatamodeld in Sources */,
				BBF3259C2AE6342D00E38E30 /* FeedLoader.swift in Sources */,
				BB3492C72B06F5C900FC7A71 /* FeedItemsMapper.swift in Sources */,
				BB5D866F2BFE3A9B002D42F0 /* RemoteFeedItem.swift in Sources */,
				BBF3259A2AE6339E00E38E30 /* FeedImage.swift in Sources */,
				BBF02FB62BF7A49600B15E09 /* LocalFeedLoader.swift in Sources */,
				BBF325842AE6310B00E38E30 /* SKEssentialFeed.docc in Sources */,
				BBB146BF2C10B6CD00A949F2 /* ManagedCache.swift in Sources */,
				BBB146B02C096B9700A949F2 /* CoreDataFeedStore.swift in Sources */,
				BBB146C12C10B70E00A949F2 /* ManagedFeedImage.swift in Sources */,
			);
			runOnlyForDeploymentPostprocessing = 0;
		};
		BBF325852AE6310B00E38E30 /* Sources */ = {
			isa = PBXSourcesBuildPhase;
			buildActionMask = 2147483647;
			files = (
				BB5D867A2C00236A002D42F0 /* FeedCacheTestHelpers.swift in Sources */,
				BB5D86772C001F33002D42F0 /* ValidateFeedCacheUseCaseTests.swift in Sources */,
				BBF3259F2AEC1C2200E38E30 /* LoadFeedFromRemoteUseCaseTests.swift in Sources */,
				BBB146A42C08CA5900A949F2 /* XCTestCase+FailableInsertFeedStoreSpecs.swift in Sources */,
				BB617C5B2B6D195300B62508 /* XCTestCase+MemoryLeakTracking.swift in Sources */,
				BB5D86752BFECBC8002D42F0 /* FeedStoreSpy.swift in Sources */,
				BB5D867C2C0023B3002D42F0 /* SharedTestHelpers.swift in Sources */,
				BBFEE74D2BF6584A00DB3AB2 /* CacheFeedUseCaseTests.swift in Sources */,
				BBB146A62C08CC7C00A949F2 /* XCTestCase+FailableDeleteFeedStoreSpecs.swift in Sources */,
				BBB146A22C08C8E700A949F2 /* XCTestCase+FailableRetrieveFeedStoreSpecs.swift in Sources */,
				BB5D86732BFECA95002D42F0 /* LoadFeedFromCacheUseCaseTests.swift in Sources */,
				BBB1469E2C0778D000A949F2 /* FeedStoreSpecs.swift in Sources */,
				BB4579472B5EC4A800BD3CA5 /* URLSessionHTTPClientTests.swift in Sources */,
				BBB146A92C095CD200A949F2 /* CoreDataFeedStoreTests.swift in Sources */,
				BBB146A02C08C2AA00A949F2 /* XCTestCase+FeedStoreSpecs.swift in Sources */,
			);
			runOnlyForDeploymentPostprocessing = 0;
		};
/* End PBXSourcesBuildPhase section */

/* Begin PBXTargetDependency section */
		BB5AD1172B6FBD180099BF21 /* PBXTargetDependency */ = {
			isa = PBXTargetDependency;
			target = BBF3257E2AE6310B00E38E30 /* SKEssentialFeed */;
			targetProxy = BB5AD1162B6FBD180099BF21 /* PBXContainerItemProxy */;
		};
		BBB146CC2C114ED900A949F2 /* PBXTargetDependency */ = {
			isa = PBXTargetDependency;
			target = BBF3257E2AE6310B00E38E30 /* SKEssentialFeed */;
			targetProxy = BBB146CB2C114ED900A949F2 /* PBXContainerItemProxy */;
		};
		BBF3258C2AE6310B00E38E30 /* PBXTargetDependency */ = {
			isa = PBXTargetDependency;
			target = BBF3257E2AE6310B00E38E30 /* SKEssentialFeed */;
			targetProxy = BBF3258B2AE6310B00E38E30 /* PBXContainerItemProxy */;
		};
/* End PBXTargetDependency section */

/* Begin XCBuildConfiguration section */
		BB5AD1192B6FBD180099BF21 /* Debug */ = {
			isa = XCBuildConfiguration;
			buildSettings = {
				"CODE_SIGN_IDENTITY[sdk=macosx*]" = "-";
				CODE_SIGN_STYLE = Automatic;
				CURRENT_PROJECT_VERSION = 1;
				DEAD_CODE_STRIPPING = YES;
				DEVELOPMENT_TEAM = 6Y7B4Z29JH;
				GENERATE_INFOPLIST_FILE = YES;
				MACOSX_DEPLOYMENT_TARGET = 12.0;
				MARKETING_VERSION = 1.0;
				PRODUCT_BUNDLE_IDENTIFIER = com.sk.ios.SKEssentialFeedAPIEndToEndTests;
				PRODUCT_NAME = "$(TARGET_NAME)";
				SUPPORTED_PLATFORMS = "macosx iphoneos iphonesimulator";
				SWIFT_EMIT_LOC_STRINGS = NO;
				SWIFT_VERSION = 5.0;
			};
			name = Debug;
		};
		BB5AD11A2B6FBD180099BF21 /* Release */ = {
			isa = XCBuildConfiguration;
			buildSettings = {
				"CODE_SIGN_IDENTITY[sdk=macosx*]" = "-";
				CODE_SIGN_STYLE = Automatic;
				CURRENT_PROJECT_VERSION = 1;
				DEAD_CODE_STRIPPING = YES;
				DEVELOPMENT_TEAM = 6Y7B4Z29JH;
				GENERATE_INFOPLIST_FILE = YES;
				MACOSX_DEPLOYMENT_TARGET = 12.0;
				MARKETING_VERSION = 1.0;
				PRODUCT_BUNDLE_IDENTIFIER = com.sk.ios.SKEssentialFeedAPIEndToEndTests;
				PRODUCT_NAME = "$(TARGET_NAME)";
				SUPPORTED_PLATFORMS = "macosx iphoneos iphonesimulator";
				SWIFT_EMIT_LOC_STRINGS = NO;
				SWIFT_VERSION = 5.0;
			};
			name = Release;
		};
		BBB146CE2C114ED900A949F2 /* Debug */ = {
			isa = XCBuildConfiguration;
			buildSettings = {
				CODE_SIGN_STYLE = Automatic;
				CURRENT_PROJECT_VERSION = 1;
				DEVELOPMENT_TEAM = "";
				GENERATE_INFOPLIST_FILE = YES;
				MARKETING_VERSION = 1.0;
				PRODUCT_BUNDLE_IDENTIFIER = com.sk.ios.SKEssentialFeedCacheIntegrationTests;
				PRODUCT_NAME = "$(TARGET_NAME)";
				SWIFT_EMIT_LOC_STRINGS = NO;
				SWIFT_VERSION = 5.0;
			};
			name = Debug;
		};
		BBB146CF2C114ED900A949F2 /* Release */ = {
			isa = XCBuildConfiguration;
			buildSettings = {
				CODE_SIGN_STYLE = Automatic;
				CURRENT_PROJECT_VERSION = 1;
				DEVELOPMENT_TEAM = "";
				GENERATE_INFOPLIST_FILE = YES;
				MARKETING_VERSION = 1.0;
				PRODUCT_BUNDLE_IDENTIFIER = com.sk.ios.SKEssentialFeedCacheIntegrationTests;
				PRODUCT_NAME = "$(TARGET_NAME)";
				SWIFT_EMIT_LOC_STRINGS = NO;
				SWIFT_VERSION = 5.0;
			};
			name = Release;
		};
		BBF325912AE6310B00E38E30 /* Debug */ = {
			isa = XCBuildConfiguration;
			buildSettings = {
				ALWAYS_SEARCH_USER_PATHS = NO;
				ASSETCATALOG_COMPILER_GENERATE_SWIFT_ASSET_SYMBOL_EXTENSIONS = YES;
				CLANG_ANALYZER_NONNULL = YES;
				CLANG_ANALYZER_NUMBER_OBJECT_CONVERSION = YES_AGGRESSIVE;
				CLANG_CXX_LANGUAGE_STANDARD = "gnu++20";
				CLANG_ENABLE_MODULES = YES;
				CLANG_ENABLE_OBJC_ARC = YES;
				CLANG_ENABLE_OBJC_WEAK = YES;
				CLANG_WARN_BLOCK_CAPTURE_AUTORELEASING = YES;
				CLANG_WARN_BOOL_CONVERSION = YES;
				CLANG_WARN_COMMA = YES;
				CLANG_WARN_CONSTANT_CONVERSION = YES;
				CLANG_WARN_DEPRECATED_OBJC_IMPLEMENTATIONS = YES;
				CLANG_WARN_DIRECT_OBJC_ISA_USAGE = YES_ERROR;
				CLANG_WARN_DOCUMENTATION_COMMENTS = YES;
				CLANG_WARN_EMPTY_BODY = YES;
				CLANG_WARN_ENUM_CONVERSION = YES;
				CLANG_WARN_INFINITE_RECURSION = YES;
				CLANG_WARN_INT_CONVERSION = YES;
				CLANG_WARN_NON_LITERAL_NULL_CONVERSION = YES;
				CLANG_WARN_OBJC_IMPLICIT_RETAIN_SELF = YES;
				CLANG_WARN_OBJC_LITERAL_CONVERSION = YES;
				CLANG_WARN_OBJC_ROOT_CLASS = YES_ERROR;
				CLANG_WARN_QUOTED_INCLUDE_IN_FRAMEWORK_HEADER = YES;
				CLANG_WARN_RANGE_LOOP_ANALYSIS = YES;
				CLANG_WARN_STRICT_PROTOTYPES = YES;
				CLANG_WARN_SUSPICIOUS_MOVE = YES;
				CLANG_WARN_UNGUARDED_AVAILABILITY = YES_AGGRESSIVE;
				CLANG_WARN_UNREACHABLE_CODE = YES;
				CLANG_WARN__DUPLICATE_METHOD_MATCH = YES;
				COPY_PHASE_STRIP = NO;
				CURRENT_PROJECT_VERSION = 1;
				DEAD_CODE_STRIPPING = YES;
				DEBUG_INFORMATION_FORMAT = dwarf;
				ENABLE_STRICT_OBJC_MSGSEND = YES;
				ENABLE_TESTABILITY = YES;
				ENABLE_USER_SCRIPT_SANDBOXING = YES;
				GCC_C_LANGUAGE_STANDARD = gnu17;
				GCC_DYNAMIC_NO_PIC = NO;
				GCC_NO_COMMON_BLOCKS = YES;
				GCC_OPTIMIZATION_LEVEL = 0;
				GCC_PREPROCESSOR_DEFINITIONS = (
					"DEBUG=1",
					"$(inherited)",
				);
				GCC_WARN_64_TO_32_BIT_CONVERSION = YES;
				GCC_WARN_ABOUT_RETURN_TYPE = YES_ERROR;
				GCC_WARN_UNDECLARED_SELECTOR = YES;
				GCC_WARN_UNINITIALIZED_AUTOS = YES_AGGRESSIVE;
				GCC_WARN_UNUSED_FUNCTION = YES;
				GCC_WARN_UNUSED_VARIABLE = YES;
				LOCALIZATION_PREFERS_STRING_CATALOGS = YES;
				MACOSX_DEPLOYMENT_TARGET = 14.0;
				MTL_ENABLE_DEBUG_INFO = INCLUDE_SOURCE;
				MTL_FAST_MATH = YES;
				ONLY_ACTIVE_ARCH = YES;
				SDKROOT = macosx;
				SWIFT_ACTIVE_COMPILATION_CONDITIONS = "DEBUG $(inherited)";
				SWIFT_OPTIMIZATION_LEVEL = "-Onone";
				VERSIONING_SYSTEM = "apple-generic";
				VERSION_INFO_PREFIX = "";
			};
			name = Debug;
		};
		BBF325922AE6310B00E38E30 /* Release */ = {
			isa = XCBuildConfiguration;
			buildSettings = {
				ALWAYS_SEARCH_USER_PATHS = NO;
				ASSETCATALOG_COMPILER_GENERATE_SWIFT_ASSET_SYMBOL_EXTENSIONS = YES;
				CLANG_ANALYZER_NONNULL = YES;
				CLANG_ANALYZER_NUMBER_OBJECT_CONVERSION = YES_AGGRESSIVE;
				CLANG_CXX_LANGUAGE_STANDARD = "gnu++20";
				CLANG_ENABLE_MODULES = YES;
				CLANG_ENABLE_OBJC_ARC = YES;
				CLANG_ENABLE_OBJC_WEAK = YES;
				CLANG_WARN_BLOCK_CAPTURE_AUTORELEASING = YES;
				CLANG_WARN_BOOL_CONVERSION = YES;
				CLANG_WARN_COMMA = YES;
				CLANG_WARN_CONSTANT_CONVERSION = YES;
				CLANG_WARN_DEPRECATED_OBJC_IMPLEMENTATIONS = YES;
				CLANG_WARN_DIRECT_OBJC_ISA_USAGE = YES_ERROR;
				CLANG_WARN_DOCUMENTATION_COMMENTS = YES;
				CLANG_WARN_EMPTY_BODY = YES;
				CLANG_WARN_ENUM_CONVERSION = YES;
				CLANG_WARN_INFINITE_RECURSION = YES;
				CLANG_WARN_INT_CONVERSION = YES;
				CLANG_WARN_NON_LITERAL_NULL_CONVERSION = YES;
				CLANG_WARN_OBJC_IMPLICIT_RETAIN_SELF = YES;
				CLANG_WARN_OBJC_LITERAL_CONVERSION = YES;
				CLANG_WARN_OBJC_ROOT_CLASS = YES_ERROR;
				CLANG_WARN_QUOTED_INCLUDE_IN_FRAMEWORK_HEADER = YES;
				CLANG_WARN_RANGE_LOOP_ANALYSIS = YES;
				CLANG_WARN_STRICT_PROTOTYPES = YES;
				CLANG_WARN_SUSPICIOUS_MOVE = YES;
				CLANG_WARN_UNGUARDED_AVAILABILITY = YES_AGGRESSIVE;
				CLANG_WARN_UNREACHABLE_CODE = YES;
				CLANG_WARN__DUPLICATE_METHOD_MATCH = YES;
				COPY_PHASE_STRIP = NO;
				CURRENT_PROJECT_VERSION = 1;
				DEAD_CODE_STRIPPING = YES;
				DEBUG_INFORMATION_FORMAT = "dwarf-with-dsym";
				ENABLE_NS_ASSERTIONS = NO;
				ENABLE_STRICT_OBJC_MSGSEND = YES;
				ENABLE_USER_SCRIPT_SANDBOXING = YES;
				GCC_C_LANGUAGE_STANDARD = gnu17;
				GCC_NO_COMMON_BLOCKS = YES;
				GCC_WARN_64_TO_32_BIT_CONVERSION = YES;
				GCC_WARN_ABOUT_RETURN_TYPE = YES_ERROR;
				GCC_WARN_UNDECLARED_SELECTOR = YES;
				GCC_WARN_UNINITIALIZED_AUTOS = YES_AGGRESSIVE;
				GCC_WARN_UNUSED_FUNCTION = YES;
				GCC_WARN_UNUSED_VARIABLE = YES;
				LOCALIZATION_PREFERS_STRING_CATALOGS = YES;
				MACOSX_DEPLOYMENT_TARGET = 14.0;
				MTL_ENABLE_DEBUG_INFO = NO;
				MTL_FAST_MATH = YES;
				SDKROOT = macosx;
				SWIFT_COMPILATION_MODE = wholemodule;
				VERSIONING_SYSTEM = "apple-generic";
				VERSION_INFO_PREFIX = "";
			};
			name = Release;
		};
		BBF325942AE6310B00E38E30 /* Debug */ = {
			isa = XCBuildConfiguration;
			buildSettings = {
				CODE_SIGN_IDENTITY = "";
				CODE_SIGN_STYLE = Automatic;
				COMBINE_HIDPI_IMAGES = YES;
				CURRENT_PROJECT_VERSION = 1;
				DEAD_CODE_STRIPPING = YES;
				DEFINES_MODULE = YES;
				DEVELOPMENT_TEAM = 6Y7B4Z29JH;
				DYLIB_COMPATIBILITY_VERSION = 1;
				DYLIB_CURRENT_VERSION = 1;
				DYLIB_INSTALL_NAME_BASE = "@rpath";
				ENABLE_MODULE_VERIFIER = YES;
				GENERATE_INFOPLIST_FILE = YES;
				INFOPLIST_KEY_NSHumanReadableCopyright = "";
				INSTALL_PATH = "$(LOCAL_LIBRARY_DIR)/Frameworks";
				LD_RUNPATH_SEARCH_PATHS = (
					"$(inherited)",
					"@executable_path/../Frameworks",
					"@loader_path/Frameworks",
				);
				MACOSX_DEPLOYMENT_TARGET = 12.0;
				MARKETING_VERSION = 1.0;
				MODULE_VERIFIER_SUPPORTED_LANGUAGES = "objective-c objective-c++";
				MODULE_VERIFIER_SUPPORTED_LANGUAGE_STANDARDS = "gnu17 gnu++20";
				PRODUCT_BUNDLE_IDENTIFIER = com.sk.ios.SKEssentialFeed;
				PRODUCT_NAME = "$(TARGET_NAME:c99extidentifier)";
				SKIP_INSTALL = YES;
				SUPPORTED_PLATFORMS = "macosx iphoneos iphonesimulator";
				SWIFT_EMIT_LOC_STRINGS = YES;
				SWIFT_VERSION = 5.0;
			};
			name = Debug;
		};
		BBF325952AE6310B00E38E30 /* Release */ = {
			isa = XCBuildConfiguration;
			buildSettings = {
				CODE_SIGN_IDENTITY = "";
				CODE_SIGN_STYLE = Automatic;
				COMBINE_HIDPI_IMAGES = YES;
				CURRENT_PROJECT_VERSION = 1;
				DEAD_CODE_STRIPPING = YES;
				DEFINES_MODULE = YES;
				DEVELOPMENT_TEAM = 6Y7B4Z29JH;
				DYLIB_COMPATIBILITY_VERSION = 1;
				DYLIB_CURRENT_VERSION = 1;
				DYLIB_INSTALL_NAME_BASE = "@rpath";
				ENABLE_MODULE_VERIFIER = YES;
				GENERATE_INFOPLIST_FILE = YES;
				INFOPLIST_KEY_NSHumanReadableCopyright = "";
				INSTALL_PATH = "$(LOCAL_LIBRARY_DIR)/Frameworks";
				LD_RUNPATH_SEARCH_PATHS = (
					"$(inherited)",
					"@executable_path/../Frameworks",
					"@loader_path/Frameworks",
				);
				MACOSX_DEPLOYMENT_TARGET = 12.0;
				MARKETING_VERSION = 1.0;
				MODULE_VERIFIER_SUPPORTED_LANGUAGES = "objective-c objective-c++";
				MODULE_VERIFIER_SUPPORTED_LANGUAGE_STANDARDS = "gnu17 gnu++20";
				PRODUCT_BUNDLE_IDENTIFIER = com.sk.ios.SKEssentialFeed;
				PRODUCT_NAME = "$(TARGET_NAME:c99extidentifier)";
				SKIP_INSTALL = YES;
				SUPPORTED_PLATFORMS = "macosx iphoneos iphonesimulator";
				SWIFT_EMIT_LOC_STRINGS = YES;
				SWIFT_VERSION = 5.0;
			};
			name = Release;
		};
		BBF325972AE6310B00E38E30 /* Debug */ = {
			isa = XCBuildConfiguration;
			buildSettings = {
				ALWAYS_EMBED_SWIFT_STANDARD_LIBRARIES = YES;
				CLANG_ENABLE_MODULES = YES;
				"CODE_SIGN_IDENTITY[sdk=macosx*]" = "-";
				CODE_SIGN_STYLE = Automatic;
				CURRENT_PROJECT_VERSION = 1;
				DEAD_CODE_STRIPPING = YES;
				DEVELOPMENT_TEAM = 6Y7B4Z29JH;
				GENERATE_INFOPLIST_FILE = YES;
				MACOSX_DEPLOYMENT_TARGET = 12.0;
				MARKETING_VERSION = 1.0;
				PRODUCT_BUNDLE_IDENTIFIER = com.sk.ios.SKEssentialFeedTests;
				PRODUCT_NAME = "$(TARGET_NAME)";
				SUPPORTED_PLATFORMS = "macosx iphonesimulator iphoneos";
				SWIFT_EMIT_LOC_STRINGS = NO;
				SWIFT_OPTIMIZATION_LEVEL = "-Onone";
				SWIFT_VERSION = 5.0;
			};
			name = Debug;
		};
		BBF325982AE6310B00E38E30 /* Release */ = {
			isa = XCBuildConfiguration;
			buildSettings = {
				ALWAYS_EMBED_SWIFT_STANDARD_LIBRARIES = YES;
				CLANG_ENABLE_MODULES = YES;
				"CODE_SIGN_IDENTITY[sdk=macosx*]" = "-";
				CODE_SIGN_STYLE = Automatic;
				CURRENT_PROJECT_VERSION = 1;
				DEAD_CODE_STRIPPING = YES;
				DEVELOPMENT_TEAM = 6Y7B4Z29JH;
				GENERATE_INFOPLIST_FILE = YES;
				MACOSX_DEPLOYMENT_TARGET = 12.0;
				MARKETING_VERSION = 1.0;
				PRODUCT_BUNDLE_IDENTIFIER = com.sk.ios.SKEssentialFeedTests;
				PRODUCT_NAME = "$(TARGET_NAME)";
				SUPPORTED_PLATFORMS = "macosx iphonesimulator iphoneos";
				SWIFT_EMIT_LOC_STRINGS = NO;
				SWIFT_VERSION = 5.0;
			};
			name = Release;
		};
/* End XCBuildConfiguration section */

/* Begin XCConfigurationList section */
		BB5AD1182B6FBD180099BF21 /* Build configuration list for PBXNativeTarget "SKEssentialFeedAPIEndToEndTests" */ = {
			isa = XCConfigurationList;
			buildConfigurations = (
				BB5AD1192B6FBD180099BF21 /* Debug */,
				BB5AD11A2B6FBD180099BF21 /* Release */,
			);
			defaultConfigurationIsVisible = 0;
			defaultConfigurationName = Release;
		};
		BBB146CD2C114ED900A949F2 /* Build configuration list for PBXNativeTarget "SKEssentialFeedCacheIntegrationTests" */ = {
			isa = XCConfigurationList;
			buildConfigurations = (
				BBB146CE2C114ED900A949F2 /* Debug */,
				BBB146CF2C114ED900A949F2 /* Release */,
			);
			defaultConfigurationIsVisible = 0;
			defaultConfigurationName = Release;
		};
		BBF325792AE6310B00E38E30 /* Build configuration list for PBXProject "SKEssentialFeed" */ = {
			isa = XCConfigurationList;
			buildConfigurations = (
				BBF325912AE6310B00E38E30 /* Debug */,
				BBF325922AE6310B00E38E30 /* Release */,
			);
			defaultConfigurationIsVisible = 0;
			defaultConfigurationName = Release;
		};
		BBF325932AE6310B00E38E30 /* Build configuration list for PBXNativeTarget "SKEssentialFeed" */ = {
			isa = XCConfigurationList;
			buildConfigurations = (
				BBF325942AE6310B00E38E30 /* Debug */,
				BBF325952AE6310B00E38E30 /* Release */,
			);
			defaultConfigurationIsVisible = 0;
			defaultConfigurationName = Release;
		};
		BBF325962AE6310B00E38E30 /* Build configuration list for PBXNativeTarget "SKEssentialFeedTests" */ = {
			isa = XCConfigurationList;
			buildConfigurations = (
				BBF325972AE6310B00E38E30 /* Debug */,
				BBF325982AE6310B00E38E30 /* Release */,
			);
			defaultConfigurationIsVisible = 0;
			defaultConfigurationName = Release;
		};
/* End XCConfigurationList section */

/* Begin XCVersionGroup section */
		BBB146B62C10A88900A949F2 /* FeedStore.xcdatamodeld */ = {
			isa = XCVersionGroup;
			children = (
				BBB146B72C10A88900A949F2 /* FeedStore.xcdatamodel */,
			);
			currentVersion = BBB146B72C10A88900A949F2 /* FeedStore.xcdatamodel */;
			path = FeedStore.xcdatamodeld;
			sourceTree = "<group>";
			versionGroupType = wrapper.xcdatamodel;
		};
/* End XCVersionGroup section */
	};
	rootObject = BBF325762AE6310B00E38E30 /* Project object */;
}
